# This file is automatically @generated by Cargo.
# It is not intended for manual editing.
version = 4

[[package]]
name = "tau-app"
version = "0.0.0"

[[package]]
name = "tau-cli"
version = "0.0.0"

[[package]]
name = "tau-domain"
version = "0.0.0"

[[package]]
name = "tau-infra"
version = "0.0.0"

[[package]]
name = "tau-observe"
version = "0.0.0"

[[package]]
name = "tau-pkg"
version = "0.0.0"

[[package]]
name = "tau-ports"
version = "0.0.0"

[[package]]
name = "tau-runtime"
version = "0.0.0"
